
Microsoft Visual Studio Solution File, Format Version 12.00
# Visual Studio Version 17
VisualStudioVersion = 17.1.32414.318
MinimumVisualStudioVersion = 10.0.40219.1
Project("{FAE04EC0-301F-11D3-BF4B-00C04F79EFBC}") = "BinarySearchTree", "BinarySearchTree\BinarySearchTree.csproj", "{B34ED74C-77DE-4B33-BE42-E5400289D108}"
EndProject
Global
	GlobalSection(SolutionConfigurationPlatforms) = preSolution
		Debug|Any CPU = Debug|Any CPU
		Release|Any CPU = Release|Any CPU
	EndGlobalSection
	GlobalSection(ProjectConfigurationPlatforms) = postSolution
		{B34ED74C-77DE-4B33-BE42-E5400289D108}.Debug|Any CPU.ActiveCfg = Debug|Any CPU
		{B34ED74C-77DE-4B33-BE42-E5400289D108}.Debug|Any CPU.Build.0 = Debug|Any CPU
		{B34ED74C-77DE-4B33-BE42-E5400289D108}.Release|Any CPU.ActiveCfg = Release|Any CPU
		{B34ED74C-77DE-4B33-BE42-E5400289D108}.Release|Any CPU.Build.0 = Release|Any CPU
	EndGlobalSection
	GlobalSection(SolutionProperties) = preSolution
		HideSolutionNode = FALSE
	EndGlobalSection
	GlobalSection(ExtensibilityGlobals) = postSolution
		SolutionGuid = {0FC3FB86-5FDF-4F6A-B552-0C2A3B4ED713}
	EndGlobalSection
EndGlobal
